
Microsoft Visual Studio Solution File, Format Version 12.00
# Visual Studio Version 16
VisualStudioVersion = 16.0.30717.126
MinimumVisualStudioVersion = 10.0.40219.1
Project("{FAE04EC0-301F-11D3-BF4B-00C04F79EFBC}") = "TrackerWebServer", "TrackerWebServer\TrackerWebServer.csproj", "{1E35F046-1533-471F-A7B8-D73DC6F18B9F}"
EndProject
Global
	GlobalSection(SolutionConfigurationPlatforms) = preSolution
		Debug|Any CPU = Debug|Any CPU
		Release|Any CPU = Release|Any CPU
	EndGlobalSection
	GlobalSection(ProjectConfigurationPlatforms) = postSolution
		{1E35F046-1533-471F-A7B8-D73DC6F18B9F}.Debug|Any CPU.ActiveCfg = Debug|Any CPU
		{1E35F046-1533-471F-A7B8-D73DC6F18B9F}.Debug|Any CPU.Build.0 = Debug|Any CPU
		{1E35F046-1533-471F-A7B8-D73DC6F18B9F}.Release|Any CPU.ActiveCfg = Release|Any CPU
		{1E35F046-1533-471F-A7B8-D73DC6F18B9F}.Release|Any CPU.Build.0 = Release|Any CPU
	EndGlobalSection
	GlobalSection(SolutionProperties) = preSolution
		HideSolutionNode = FALSE
	EndGlobalSection
	GlobalSection(ExtensibilityGlobals) = postSolution
		SolutionGuid = {ACCD9672-4091-46C0-84A2-E2209DA1DD91}
	EndGlobalSection
EndGlobal
